DEPENDENCIES
  apt
  apt-periodic (~> 0.2.0)
  auditd
    git: https://github.com/yakara-ltd/auditd
    revision: 63faedd23abfd768aa0f13c698cb3e9b335836f8
    ref: 63faedd
  brightbox-ruby (~> 1.2.0)
  build-essential
  chatterbox
    path: cookbooks/chatterbox
  chef-client
  chef-sugar
  chef-vault
  chef_handler
  encrypted_blockdevice
    git: https://github.com/atrull/encrypted_blockdevice_cookbook.git
    revision: 169f3ba1127b89f53bc2ba8dfccae46f4ed60861
    ref: 169f3ba
    branch: develop
  fishnet
    path: cookbooks/fishnet
  git
  hipchat
  locale
  logrotate
  mailbag
    path: cookbooks/mailbag
  mosh
  motd
    git: https://github.com/evaryont/motd
    revision: 16d82f0422e289c4b8950bb40eb42d4a0d62b7eb
  mysql
  ntp
  omnibus_updater (~> 1.0.2)
  os-hardening (~> 1.3.1)
  pacman
    git: https://github.com/logankoester/pacman
    revision: fd7be0f818f2b79dbd812d93fcafb2ed78a88e00
    ref: fd7be0f
  pam (~> 1.0.1)
  php-fpm
  ranchhand
    path: cookbooks/ranchhand
  sshd
  sudo
  sysstat
  system
    git: https://github.com/xhost-cookbooks/system
    revision: 11bb41f10178c8927328affa5730020b2617b53f
    ref: 11bb41f
  taskwarrior
  tinc
    git: https://github.com/evaryont/chef-cookbook-tinc
    revision: d461e1b6b68488d21487343dad8621fc79297a3f
    ref: d461e1b
  websites
    path: cookbooks/websites

GRAPH
  apache2 (3.1.0)
  apt (2.7.0)
  apt-periodic (0.2.0)
    apt (>= 0.0.0)
  auditd (0.1.6)
  bluepill (2.3.1)
    rsyslog (>= 0.0.0)
  brightbox-ruby (1.2.1)
    apt (>= 0.0.0)
  build-essential (2.2.3)
  certificate (1.0.0)
    chef-vault (>= 0.0.0)
  chatterbox (0.1.1)
  chef-client (4.3.1)
    cron (>= 1.2.0)
    logrotate (>= 1.2.0)
    windows (~> 1.37)
  chef-sugar (3.1.1)
  chef-vault (1.3.0)
  chef_handler (1.2.0)
  clamav (1.2.0)
    apt (~> 2.1)
    cron (~> 1.2)
    logrotate (~> 1.0)
    yum (~> 3.0)
    yum-epel (~> 0.2)
  cmake (0.3.0)
  cron (1.6.1)
  dmg (2.2.2)
  dovecot (2.2.2)
    ohai (>= 0.0.0)
  encrypted_blockdevice (0.0.2)
  encrypted_volume (0.1.0)
    chef-vault (>= 0.0.0)
  filesystem (0.10.1)
    lvm (~> 1.1)
  fishnet (0.3.6)
    iptables-ng (>= 0.0.0)
    ohai (>= 0.0.0)
    tinc (>= 0.0.0)
  git (4.3.3)
    build-essential (>= 0.0.0)
    dmg (>= 0.0.0)
    windows (>= 0.0.0)
    yum-epel (>= 0.0.0)
  hipchat (0.4.0)
    chef_handler (>= 0.0.0)
  hostsfile (2.4.5)
  iptables-ng (2.2.7)
  janitor (2.0.1)
  locale (1.0.2)
  logrotate (1.9.2)
  lvm (1.3.7)
  mailbag (0.1.41)
    clamav (>= 0.0.0)
    dovecot (>= 0.0.0)
    encrypted_blockdevice (>= 0.0.0)
    encrypted_volume (>= 0.0.0)
    filesystem (>= 0.0.0)
    lvm (>= 0.0.0)
    onddo-spamassassin (>= 0.0.0)
    opendkim (>= 0.0.0)
    postfix (>= 0.0.0)
  managed_directory (0.2.1)
  mosh (0.4.0)
    apt (>= 0.0.0)
    yum (>= 0.0.0)
    yum-epel (>= 0.0.0)
  motd (0.5.2)
    chef_handler (>= 0.0.0)
  mysql (6.1.0)
    smf (>= 0.0.0)
    yum-mysql-community (>= 0.0.0)
  nginx (2.7.6)
    apt (~> 2.2)
    bluepill (~> 2.3)
    build-essential (~> 2.0)
    ohai (~> 2.0)
    runit (~> 1.2)
    yum-epel (~> 0.3)
  ntp (1.8.6)
  ohai (2.0.1)
  omnibus_updater (1.0.4)
  onddo-spamassassin (1.1.0)
  opendkim (0.2.0)
    yum-epel (~> 0.5)
  os-hardening (1.3.1)
    apt (>= 0.0.0)
    sysctl (>= 0.3.0)
    yum (>= 0.0.0)
  packagecloud (0.0.19)
  pacman (2.0.0)
  pam (1.0.1)
  perl (1.2.4)
  php-fpm (0.7.4)
    apt (>= 0.0.0)
    yum (>= 3.0)
  postfix (3.7.0)
  python (1.4.6)
    build-essential (>= 0.0.0)
    yum-epel (>= 0.0.0)
  ranchhand (0.8.37)
    apache2 (>= 0.0.0)
    apt-periodic (~> 0.2)
    certificate (>= 0.0.0)
    chef-sugar (>= 0.0.0)
    chef-vault (>= 0.0.0)
    iptables-ng (>= 0.0.0)
    janitor (>= 0.0.0)
    locale (>= 0.0.0)
    managed_directory (>= 0.0.0)
    mosh (>= 0.0.0)
    nginx (>= 0.0.0)
    ntp (>= 0.0.0)
    omnibus_updater (>= 0.0.0)
    os-hardening (>= 0.0.0)
    pam (>= 0.0.0)
    sshd (>= 0.0.0)
    sysctl (>= 0.0.0)
    system (>= 0.0.0)
    websites (>= 0.0.0)
  rbac (1.0.3)
  rsyslog (2.1.0)
  runit (1.7.2)
    packagecloud (>= 0.0.0)
  smf (2.2.7)
    rbac (>= 1.0.1)
  sshd (1.1.1)
  sudo (2.7.2)
  sysctl (0.6.2)
    ohai (>= 0.0.0)
  sysstat (1.3.2)
  system (0.8.0)
    apt (>= 0.0.0)
    cron (>= 0.0.0)
    hostsfile (>= 0.0.0)
  taskwarrior (1.1.3)
    apt (>= 0.0.0)
    build-essential (>= 0.0.0)
    cmake (>= 0.0.0)
    git (>= 0.0.0)
    perl (>= 0.0.0)
    python (>= 0.0.0)
    runit (>= 0.0.0)
  tinc (0.1.0)
    sysctl (>= 0.0.0)
  websites (0.2.12)
    apache2 (~> 3.1)
    nginx (~> 2.7)
  windows (1.38.1)
    chef_handler (>= 0.0.0)
  yum (3.6.3)
  yum-epel (0.6.2)
    yum (~> 3.2)
  yum-mysql-community (0.1.17)
    yum (>= 3.0)
